{
    "name": "weather-alert",
    "version": "0.1.0",
    "lockfileVersion": 1,
    "requires": true,
    "dependencies": {
        "@terascope/job-components": {
            "version": "0.22.1",
            "resolved": "https://npm.terascope.io/@terascope%2fjob-components/-/job-components-0.22.1.tgz",
            "integrity": "sha512-WYv8lBGq8koY2/7y6/VCbGx6iN7Ix5HFNlokQS2So3A4ApkN69b4K5kEDA7NJauudX73x4IH5kXd4aYJM8Yh0g==",
            "requires": {
                "@terascope/queue": "^1.1.7",
                "@terascope/utils": "^0.16.1",
                "convict": "^4.4.1",
                "datemath-parser": "^1.0.6",
                "uuid": "^3.3.3"
            }
        },
        "@terascope/queue": {
            "version": "1.1.7",
            "resolved": "https://npm.terascope.io/@terascope%2fqueue/-/queue-1.1.7.tgz",
            "integrity": "sha512-foPas4K4rShs0RxtLNauC9ssXbzWvf5YzCa+6tJ9BAEk+PfjHJhi9bPDL6stXfcHroKtbet49dPwFbFIJJAOHw=="
        },
        "@terascope/utils": {
            "version": "0.16.1",
            "resolved": "https://npm.terascope.io/@terascope%2futils/-/utils-0.16.1.tgz",
            "integrity": "sha512-DNbeD5I0vZ+tLFZRTKE4LyJGQRwrFMczJwlKLJihhK9N/3maToAvqjcOqnJgaKbSGrp4e9zb3sxCmVoRl1YDeQ==",
            "requires": {
                "debug": "^4.1.1",
                "is-plain-object": "^3.0.0",
                "kind-of": "^6.0.2",
                "lodash.clonedeep": "^4.5.0",
                "lodash.get": "^4.4.2",
                "lodash.set": "^4.3.2"
            }
        },
        "camelcase": {
            "version": "5.3.1",
            "resolved": "https://npm.terascope.io/camelcase/-/camelcase-5.3.1.tgz",
            "integrity": "sha512-L28STB170nwWS63UjtlEOE3dldQApaJXZkOI1uMFfzf3rRuPegHaHesyee+YxQ+W6SvRDQV6UrdOdRiR153wJg=="
        },
        "convict": {
            "version": "4.4.1",
            "resolved": "https://npm.terascope.io/convict/-/convict-4.4.1.tgz",
            "integrity": "sha512-celpR4hOWWwb/S8azhzgQwDon6muAJlNe2LTLeOGyoSgH390TsaqoieAe9BLbAv7+9wNfG7DTA2q3IfFp2viKw==",
            "requires": {
                "depd": "1.1.2",
                "json5": "1.0.1",
                "lodash.clonedeep": "4.5.0",
                "moment": "2.22.2",
                "validator": "10.8.0",
                "yargs-parser": "11.0.0"
            }
        },
        "datemath-parser": {
            "version": "1.0.6",
            "resolved": "https://npm.terascope.io/datemath-parser/-/datemath-parser-1.0.6.tgz",
            "integrity": "sha512-TEB1YBiGnLAn8lG8ZRf88NCHEERo04xdi1zVGSb//X4nQZs9yqLX7ZM2Ra1PIx+ivnT6j596c8p9QmUX4Y+ddg==",
            "requires": {
                "moment": "^2.22.2"
            }
        },
        "debug": {
            "version": "4.3.4",
            "resolved": "https://npm.terascope.io/debug/-/debug-4.3.4.tgz",
            "integrity": "sha512-PRWFHuSU3eDtQJPvnNY7Jcket1j0t5OuOsFzPPzsekD52Zl8qUfFIPEiswXqIvHWGVHOgX+7G/vCNNhehwxfkQ==",
            "requires": {
                "ms": "2.1.2"
            }
        },
        "decamelize": {
            "version": "1.2.0",
            "resolved": "https://npm.terascope.io/decamelize/-/decamelize-1.2.0.tgz",
            "integrity": "sha1-9lNNFRSCabIDUue+4m9QH5oZEpA="
        },
        "depd": {
            "version": "1.1.2",
            "resolved": "https://npm.terascope.io/depd/-/depd-1.1.2.tgz",
            "integrity": "sha1-m81S4UwJd2PnSbJ0xDRu0uVgtak="
        },
        "is-plain-object": {
            "version": "3.0.1",
            "resolved": "https://npm.terascope.io/is-plain-object/-/is-plain-object-3.0.1.tgz",
            "integrity": "sha512-Xnpx182SBMrr/aBik8y+GuR4U1L9FqMSojwDQwPMmxyC6bvEqly9UBCxhauBF5vNh2gwWJNX6oDV7O+OM4z34g=="
        },
        "json5": {
            "version": "1.0.1",
            "resolved": "https://npm.terascope.io/json5/-/json5-1.0.1.tgz",
            "integrity": "sha512-aKS4WQjPenRxiQsC93MNfjx+nbF4PAdYzmd/1JIj8HYzqfbu86beTuNgXDzPknWk0n0uARlyewZo4s++ES36Ow==",
            "requires": {
                "minimist": "^1.2.0"
            }
        },
        "kind-of": {
            "version": "6.0.3",
            "resolved": "https://npm.terascope.io/kind-of/-/kind-of-6.0.3.tgz",
            "integrity": "sha512-dcS1ul+9tmeD95T+x28/ehLgd9mENa3LsvDTtzm3vyBEO7RPptvAD+t44WVXaUjTBRcrpFeFlC8WCruUR456hw=="
        },
        "lodash.clonedeep": {
            "version": "4.5.0",
            "resolved": "https://npm.terascope.io/lodash.clonedeep/-/lodash.clonedeep-4.5.0.tgz",
            "integrity": "sha1-4j8/nE+Pvd6HJSnBBxhXoIblzO8="
        },
        "lodash.get": {
            "version": "4.4.2",
            "resolved": "https://npm.terascope.io/lodash.get/-/lodash.get-4.4.2.tgz",
            "integrity": "sha1-LRd/ZS+jHpObRDjVNBSZ36OCXpk="
        },
        "lodash.set": {
            "version": "4.3.2",
            "resolved": "https://npm.terascope.io/lodash.set/-/lodash.set-4.3.2.tgz",
            "integrity": "sha1-2HV7HagH3eJIFrDWqEvqGnYjCyM="
        },
        "minimist": {
            "version": "1.2.8",
            "resolved": "https://npm.terascope.io/minimist/-/minimist-1.2.8.tgz",
            "integrity": "sha512-2yyAR8qBkN3YuheJanUpWC5U3bb5osDywNB8RzDVlDwDHbocAJveqqj1u8+SVD7jkWT4yvsHCpWqqWqAxb0zCA=="
        },
        "moment": {
            "version": "2.22.2",
            "resolved": "https://npm.terascope.io/moment/-/moment-2.22.2.tgz",
            "integrity": "sha1-PCV/mDn8DpP/UxSWMiOeuQeD/2Y="
        },
        "ms": {
            "version": "2.1.2",
            "resolved": "https://npm.terascope.io/ms/-/ms-2.1.2.tgz",
            "integrity": "sha512-sGkPx+VjMtmA6MX27oA4FBFELFCZZ4S4XqeGOXCv68tT+jb3vk/RyaKWP0PTKyWtmLSM0b+adUTEvbs1PEaH2w=="
        },
        "uuid": {
            "version": "3.4.0",
            "resolved": "https://npm.terascope.io/uuid/-/uuid-3.4.0.tgz",
            "integrity": "sha512-HjSDRw6gZE5JMggctHBcjVak08+KEVhSIiDzFnT9S9aegmp85S/bReBVTb4QTFaRNptJ9kuYaNhnbNEOkbKb/A=="
        },
        "validator": {
            "version": "10.8.0",
            "resolved": "https://npm.terascope.io/validator/-/validator-10.8.0.tgz",
            "integrity": "sha512-mXqMxfCh5NLsVgYVKl9WvnHNDPCcbNppHSPPowu0VjtSsGWVY+z8hJF44edLR1nbLNzi3jYoYsIl8KZpioIk6g=="
        },
        "yargs-parser": {
            "version": "11.0.0",
            "resolved": "https://npm.terascope.io/yargs-parser/-/yargs-parser-11.0.0.tgz",
            "integrity": "sha512-dvsafRjM45h79WOTvS/dP35Sb31SlGAKz6tFjI97kGC4MJFBuzTZY6TTYHrz0QSMQdkyd8Y+RsOMLr+JY0nPFQ==",
            "requires": {
                "camelcase": "^5.0.0",
                "decamelize": "^1.2.0"
            }
        }
    }
}
